PODS:
  - Flutter (1.0.0)
  - flutter_inappwebview_ios (0.0.1):
    - Flutter
    - flutter_inappwebview_ios/Core (= 0.0.1)
    - OrderedSet (~> 6.0.3)
  - flutter_inappwebview_ios/Core (0.0.1):
    - Flutter
    - OrderedSet (~> 6.0.3)
  - OrderedSet (6.0.3)
  - printing (1.0.0):
    - Flutter

DEPENDENCIES:
  - Flutter (from `Flutter`)
  - flutter_inappwebview_ios (from `.symlinks/plugins/flutter_inappwebview_ios/ios`)
  - printing (from `.symlinks/plugins/printing/ios`)

SPEC REPOS:
  trunk:
    - OrderedSet

EXTERNAL SOURCES:
  Flutter:
    :path: Flutter
  flutter_inappwebview_ios:
    :path: ".symlinks/plugins/flutter_inappwebview_ios/ios"
  printing:
    :path: ".symlinks/plugins/printing/ios"

SPEC CHECKSUMS:
  Flutter: 71a624a5bc0c04062bf19101d501e466baf2fb47
  flutter_inappwebview_ios: 6f63631e2c62a7c350263b13fa5427aedefe81d4
  OrderedSet: e539b66b644ff081c73a262d24ad552a69be3a94
  printing: 233e1b73bd1f4a05615548e9b5a324c98588640b

PODFILE CHECKSUM: 4e3d500109cf1c9437b41588d4581c6d443f40cb

COCOAPODS: 1.16.2
